
Microsoft Visual Studio Solution File, Format Version 12.00
# Visual Studio Version 16
VisualStudioVersion = 16.0.31613.86
MinimumVisualStudioVersion = 10.0.40219.1
Project("{FAE04EC0-301F-11D3-BF4B-00C04F79EFBC}") = "EssentialTraining", "EssentialTraining\EssentialTraining.csproj", "{98686557-DE7F-4A41-A415-D52F700A2B43}"
EndProject
Project("{FAE04EC0-301F-11D3-BF4B-00C04F79EFBC}") = "EssentialTrainingTest", "EssentialTrainingTest\EssentialTrainingTest.csproj", "{14ED1CA9-559E-4E32-9D3B-017B3FB393C7}"
EndProject
Project("{FAE04EC0-301F-11D3-BF4B-00C04F79EFBC}") = "EssentialTrainingApp", "EssentialTrainingApp\EssentialTrainingApp.csproj", "{800B8DC9-0B71-4ADB-9736-D3A7DB27DAEB}"
EndProject
Global
	GlobalSection(SolutionConfigurationPlatforms) = preSolution
		Debug|Any CPU = Debug|Any CPU
		Release|Any CPU = Release|Any CPU
	EndGlobalSection
	GlobalSection(ProjectConfigurationPlatforms) = postSolution
		{98686557-DE7F-4A41-A415-D52F700A2B43}.Debug|Any CPU.ActiveCfg = Debug|Any CPU
		{98686557-DE7F-4A41-A415-D52F700A2B43}.Debug|Any CPU.Build.0 = Debug|Any CPU
		{98686557-DE7F-4A41-A415-D52F700A2B43}.Release|Any CPU.ActiveCfg = Release|Any CPU
		{98686557-DE7F-4A41-A415-D52F700A2B43}.Release|Any CPU.Build.0 = Release|Any CPU
		{14ED1CA9-559E-4E32-9D3B-017B3FB393C7}.Debug|Any CPU.ActiveCfg = Debug|Any CPU
		{14ED1CA9-559E-4E32-9D3B-017B3FB393C7}.Debug|Any CPU.Build.0 = Debug|Any CPU
		{14ED1CA9-559E-4E32-9D3B-017B3FB393C7}.Release|Any CPU.ActiveCfg = Release|Any CPU
		{14ED1CA9-559E-4E32-9D3B-017B3FB393C7}.Release|Any CPU.Build.0 = Release|Any CPU
		{800B8DC9-0B71-4ADB-9736-D3A7DB27DAEB}.Debug|Any CPU.ActiveCfg = Debug|Any CPU
		{800B8DC9-0B71-4ADB-9736-D3A7DB27DAEB}.Debug|Any CPU.Build.0 = Debug|Any CPU
		{800B8DC9-0B71-4ADB-9736-D3A7DB27DAEB}.Release|Any CPU.ActiveCfg = Release|Any CPU
		{800B8DC9-0B71-4ADB-9736-D3A7DB27DAEB}.Release|Any CPU.Build.0 = Release|Any CPU
	EndGlobalSection
	GlobalSection(SolutionProperties) = preSolution
		HideSolutionNode = FALSE
	EndGlobalSection
	GlobalSection(ExtensibilityGlobals) = postSolution
		SolutionGuid = {B4F0A895-523E-43DB-9056-1A92A16E75D5}
	EndGlobalSection
EndGlobal
